// !$*UTF8*$!
{
	archiveVersion = 1;
	classes = {
	};
	objectVersion = 56;
	objects = {

/* Begin PBXBuildFile section */
		2817EFFA2D0B5C87001088EF /* TaskPayair.docc in Sources */ = {isa = PBXBuildFile; fileRef = 2817EFF92D0B5C87001088EF /* TaskPayair.docc */; };
		2817F0002D0B5C87001088EF /* TaskPayair.framework in Frameworks */ = {isa = PBXBuildFile; fileRef = 2817EFF52D0B5C87001088EF /* TaskPayair.framework */; };
		2817F0052D0B5C87001088EF /* TaskPayairTests.swift in Sources */ = {isa = PBXBuildFile; fileRef = 2817F0042D0B5C87001088EF /* TaskPayairTests.swift */; };
		2817F0062D0B5C87001088EF /* TaskPayair.h in Headers */ = {isa = PBXBuildFile; fileRef = 2817EFF82D0B5C87001088EF /* TaskPayair.h */; settings = {ATTRIBUTES = (Public, ); }; };
		288B81862D10D3B3004587DB /* SDK+Notification.swift in Sources */ = {isa = PBXBuildFile; fileRef = 288B817A2D10D2B2004587DB /* SDK+Notification.swift */; };
		288B81872D10D3B9004587DB /* FirebaseTransation.swift in Sources */ = {isa = PBXBuildFile; fileRef = 288B817D2D10D2B2004587DB /* FirebaseTransation.swift */; };
		288B81882D10D3B9004587DB /* FirebaseDatabase.swift in Sources */ = {isa = PBXBuildFile; fileRef = 288B817C2D10D2B2004587DB /* FirebaseDatabase.swift */; };
		288B81892D10D3C0004587DB /* MFPayment.swift in Sources */ = {isa = PBXBuildFile; fileRef = 288B817F2D10D2B2004587DB /* MFPayment.swift */; };
		288B818A2D10D3C0004587DB /* MFPaymentSDK.swift in Sources */ = {isa = PBXBuildFile; fileRef = 288B81812D10D2B2004587DB /* MFPaymentSDK.swift */; };
/* End PBXBuildFile section */

/* Begin PBXContainerItemProxy section */
		2817F0012D0B5C87001088EF /* PBXContainerItemProxy */ = {
			isa = PBXContainerItemProxy;
			containerPortal = 2817EFEC2D0B5C87001088EF /* Project object */;
			proxyType = 1;
			remoteGlobalIDString = 2817EFF42D0B5C87001088EF;
			remoteInfo = TaskPayair;
		};
/* End PBXContainerItemProxy section */

/* Begin PBXFileReference section */
		2817EFF52D0B5C87001088EF /* TaskPayair.framework */ = {isa = PBXFileReference; explicitFileType = wrapper.framework; includeInIndex = 0; path = TaskPayair.framework; sourceTree = BUILT_PRODUCTS_DIR; };
		2817EFF82D0B5C87001088EF /* TaskPayair.h */ = {isa = PBXFileReference; lastKnownFileType = sourcecode.c.h; path = TaskPayair.h; sourceTree = "<group>"; };
		2817EFF92D0B5C87001088EF /* TaskPayair.docc */ = {isa = PBXFileReference; lastKnownFileType = folder.documentationcatalog; path = TaskPayair.docc; sourceTree = "<group>"; };
		2817EFFF2D0B5C87001088EF /* TaskPayairTests.xctest */ = {isa = PBXFileReference; explicitFileType = wrapper.cfbundle; includeInIndex = 0; path = TaskPayairTests.xctest; sourceTree = BUILT_PRODUCTS_DIR; };
		2817F0042D0B5C87001088EF /* TaskPayairTests.swift */ = {isa = PBXFileReference; lastKnownFileType = sourcecode.swift; path = TaskPayairTests.swift; sourceTree = "<group>"; };
		288B817A2D10D2B2004587DB /* SDK+Notification.swift */ = {isa = PBXFileReference; lastKnownFileType = sourcecode.swift; path = "SDK+Notification.swift"; sourceTree = "<group>"; };
		288B817C2D10D2B2004587DB /* FirebaseDatabase.swift */ = {isa = PBXFileReference; lastKnownFileType = sourcecode.swift; path = FirebaseDatabase.swift; sourceTree = "<group>"; };
		288B817D2D10D2B2004587DB /* FirebaseTransation.swift */ = {isa = PBXFileReference; lastKnownFileType = sourcecode.swift; path = FirebaseTransation.swift; sourceTree = "<group>"; };
		288B817F2D10D2B2004587DB /* MFPayment.swift */ = {isa = PBXFileReference; lastKnownFileType = sourcecode.swift; path = MFPayment.swift; sourceTree = "<group>"; };
		288B81812D10D2B2004587DB /* MFPaymentSDK.swift */ = {isa = PBXFileReference; lastKnownFileType = sourcecode.swift; path = MFPaymentSDK.swift; sourceTree = "<group>"; };
/* End PBXFileReference section */

/* Begin PBXFrameworksBuildPhase section */
		2817EFF22D0B5C87001088EF /* Frameworks */ = {
			isa = PBXFrameworksBuildPhase;
			buildActionMask = 2147483647;
			files = (
			);
			runOnlyForDeploymentPostprocessing = 0;
		};
		2817EFFC2D0B5C87001088EF /* Frameworks */ = {
			isa = PBXFrameworksBuildPhase;
			buildActionMask = 2147483647;
			files = (
				2817F0002D0B5C87001088EF /* TaskPayair.framework in Frameworks */,
			);
			runOnlyForDeploymentPostprocessing = 0;
		};
/* End PBXFrameworksBuildPhase section */

/* Begin PBXGroup section */
		2817EFEB2D0B5C87001088EF = {
			isa = PBXGroup;
			children = (
				2817EFF72D0B5C87001088EF /* TaskPayair */,
				2817F0032D0B5C87001088EF /* TaskPayairTests */,
				2817EFF62D0B5C87001088EF /* Products */,
			);
			sourceTree = "<group>";
		};
		2817EFF62D0B5C87001088EF /* Products */ = {
			isa = PBXGroup;
			children = (
				2817EFF52D0B5C87001088EF /* TaskPayair.framework */,
				2817EFFF2D0B5C87001088EF /* TaskPayairTests.xctest */,
			);
			name = Products;
			sourceTree = "<group>";
		};
		2817EFF72D0B5C87001088EF /* TaskPayair */ = {
			isa = PBXGroup;
			children = (
				2817EFF82D0B5C87001088EF /* TaskPayair.h */,
				288B81822D10D2B2004587DB /* Core */,
				2817EFF92D0B5C87001088EF /* TaskPayair.docc */,
			);
			path = TaskPayair;
			sourceTree = "<group>";
		};
		2817F0032D0B5C87001088EF /* TaskPayairTests */ = {
			isa = PBXGroup;
			children = (
				2817F0042D0B5C87001088EF /* TaskPayairTests.swift */,
			);
			path = TaskPayairTests;
			sourceTree = "<group>";
		};
		288B817B2D10D2B2004587DB /* Extension */ = {
			isa = PBXGroup;
			children = (
				288B817A2D10D2B2004587DB /* SDK+Notification.swift */,
			);
			path = Extension;
			sourceTree = "<group>";
		};
		288B817E2D10D2B2004587DB /* Fierbase */ = {
			isa = PBXGroup;
			children = (
				288B817C2D10D2B2004587DB /* FirebaseDatabase.swift */,
				288B817D2D10D2B2004587DB /* FirebaseTransation.swift */,
			);
			path = Fierbase;
			sourceTree = "<group>";
		};
		288B81802D10D2B2004587DB /* Model */ = {
			isa = PBXGroup;
			children = (
				288B817F2D10D2B2004587DB /* MFPayment.swift */,
			);
			path = Model;
			sourceTree = "<group>";
		};
		288B81822D10D2B2004587DB /* Core */ = {
			isa = PBXGroup;
			children = (
				288B817B2D10D2B2004587DB /* Extension */,
				288B817E2D10D2B2004587DB /* Fierbase */,
				288B81802D10D2B2004587DB /* Model */,
				288B81812D10D2B2004587DB /* MFPaymentSDK.swift */,
				288B818B2D10D3C4004587DB /* Resources */,
			);
			path = Core;
			sourceTree = "<group>";
		};
		288B818B2D10D3C4004587DB /* Resources */ = {
			isa = PBXGroup;
			children = (
			);
			path = Resources;
			sourceTree = "<group>";
		};
/* End PBXGroup section */

/* Begin PBXHeadersBuildPhase section */
		2817EFF02D0B5C87001088EF /* Headers */ = {
			isa = PBXHeadersBuildPhase;
			buildActionMask = 2147483647;
			files = (
				2817F0062D0B5C87001088EF /* TaskPayair.h in Headers */,
			);
			runOnlyForDeploymentPostprocessing = 0;
		};
/* End PBXHeadersBuildPhase section */

/* Begin PBXNativeTarget section */
		2817EFF42D0B5C87001088EF /* TaskPayair */ = {
			isa = PBXNativeTarget;
			buildConfigurationList = 2817F0092D0B5C87001088EF /* Build configuration list for PBXNativeTarget "TaskPayair" */;
			buildPhases = (
				2817EFF02D0B5C87001088EF /* Headers */,
				2817EFF12D0B5C87001088EF /* Sources */,
				2817EFF22D0B5C87001088EF /* Frameworks */,
				2817EFF32D0B5C87001088EF /* Resources */,
			);
			buildRules = (
			);
			dependencies = (
			);
			name = TaskPayair;
			productName = TaskPayair;
			productReference = 2817EFF52D0B5C87001088EF /* TaskPayair.framework */;
			productType = "com.apple.product-type.framework";
		};
		2817EFFE2D0B5C87001088EF /* TaskPayairTests */ = {
			isa = PBXNativeTarget;
			buildConfigurationList = 2817F00C2D0B5C87001088EF /* Build configuration list for PBXNativeTarget "TaskPayairTests" */;
			buildPhases = (
				2817EFFB2D0B5C87001088EF /* Sources */,
				2817EFFC2D0B5C87001088EF /* Frameworks */,
				2817EFFD2D0B5C87001088EF /* Resources */,
			);
			buildRules = (
			);
			dependencies = (
				2817F0022D0B5C87001088EF /* PBXTargetDependency */,
			);
			name = TaskPayairTests;
			productName = TaskPayairTests;
			productReference = 2817EFFF2D0B5C87001088EF /* TaskPayairTests.xctest */;
			productType = "com.apple.product-type.bundle.unit-test";
		};
/* End PBXNativeTarget section */

/* Begin PBXProject section */
		2817EFEC2D0B5C87001088EF /* Project object */ = {
			isa = PBXProject;
			attributes = {
				BuildIndependentTargetsInParallel = 1;
				LastSwiftUpdateCheck = 1530;
				LastUpgradeCheck = 1530;
				TargetAttributes = {
					2817EFF42D0B5C87001088EF = {
						CreatedOnToolsVersion = 15.3;
					};
					2817EFFE2D0B5C87001088EF = {
						CreatedOnToolsVersion = 15.3;
					};
				};
			};
			buildConfigurationList = 2817EFEF2D0B5C87001088EF /* Build configuration list for PBXProject "TaskPayair" */;
			compatibilityVersion = "Xcode 14.0";
			developmentRegion = en;
			hasScannedForEncodings = 0;
			knownRegions = (
				en,
				Base,
			);
			mainGroup = 2817EFEB2D0B5C87001088EF;
			productRefGroup = 2817EFF62D0B5C87001088EF /* Products */;
			projectDirPath = "";
			projectRoot = "";
			targets = (
				2817EFF42D0B5C87001088EF /* TaskPayair */,
				2817EFFE2D0B5C87001088EF /* TaskPayairTests */,
			);
		};
/* End PBXProject section */

/* Begin PBXResourcesBuildPhase section */
		2817EFF32D0B5C87001088EF /* Resources */ = {
			isa = PBXResourcesBuildPhase;
			buildActionMask = 2147483647;
			files = (
			);
			runOnlyForDeploymentPostprocessing = 0;
		};
		2817EFFD2D0B5C87001088EF /* Resources */ = {
			isa = PBXResourcesBuildPhase;
			buildActionMask = 2147483647;
			files = (
			);
			runOnlyForDeploymentPostprocessing = 0;
		};
/* End PBXResourcesBuildPhase section */

/* Begin PBXSourcesBuildPhase section */
		2817EFF12D0B5C87001088EF /* Sources */ = {
			isa = PBXSourcesBuildPhase;
			buildActionMask = 2147483647;
			files = (
				2817EFFA2D0B5C87001088EF /* TaskPayair.docc in Sources */,
				288B81892D10D3C0004587DB /* MFPayment.swift in Sources */,
				288B818A2D10D3C0004587DB /* MFPaymentSDK.swift in Sources */,
				288B81862D10D3B3004587DB /* SDK+Notification.swift in Sources */,
				288B81872D10D3B9004587DB /* FirebaseTransation.swift in Sources */,
				288B81882D10D3B9004587DB /* FirebaseDatabase.swift in Sources */,
			);
			runOnlyForDeploymentPostprocessing = 0;
		};
		2817EFFB2D0B5C87001088EF /* Sources */ = {
			isa = PBXSourcesBuildPhase;
			buildActionMask = 2147483647;
			files = (
				2817F0052D0B5C87001088EF /* TaskPayairTests.swift in Sources */,
			);
			runOnlyForDeploymentPostprocessing = 0;
		};
/* End PBXSourcesBuildPhase section */

/* Begin PBXTargetDependency section */
		2817F0022D0B5C87001088EF /* PBXTargetDependency */ = {
			isa = PBXTargetDependency;
			target = 2817EFF42D0B5C87001088EF /* TaskPayair */;
			targetProxy = 2817F0012D0B5C87001088EF /* PBXContainerItemProxy */;
		};
/* End PBXTargetDependency section */

/* Begin XCBuildConfiguration section */
		2817F0072D0B5C87001088EF /* Debug */ = {
			isa = XCBuildConfiguration;
			buildSettings = {
				ALWAYS_SEARCH_USER_PATHS = NO;
				ASSETCATALOG_COMPILER_GENERATE_SWIFT_ASSET_SYMBOL_EXTENSIONS = YES;
				CLANG_ANALYZER_NONNULL = YES;
				CLANG_ANALYZER_NUMBER_OBJECT_CONVERSION = YES_AGGRESSIVE;
				CLANG_CXX_LANGUAGE_STANDARD = "gnu++20";
				CLANG_ENABLE_MODULES = YES;
				CLANG_ENABLE_OBJC_ARC = YES;
				CLANG_ENABLE_OBJC_WEAK = YES;
				CLANG_WARN_BLOCK_CAPTURE_AUTORELEASING = YES;
				CLANG_WARN_BOOL_CONVERSION = YES;
				CLANG_WARN_COMMA = YES;
				CLANG_WARN_CONSTANT_CONVERSION = YES;
				CLANG_WARN_DEPRECATED_OBJC_IMPLEMENTATIONS = YES;
				CLANG_WARN_DIRECT_OBJC_ISA_USAGE = YES_ERROR;
				CLANG_WARN_DOCUMENTATION_COMMENTS = YES;
				CLANG_WARN_EMPTY_BODY = YES;
				CLANG_WARN_ENUM_CONVERSION = YES;
				CLANG_WARN_INFINITE_RECURSION = YES;
				CLANG_WARN_INT_CONVERSION = YES;
				CLANG_WARN_NON_LITERAL_NULL_CONVERSION = YES;
				CLANG_WARN_OBJC_IMPLICIT_RETAIN_SELF = YES;
				CLANG_WARN_OBJC_LITERAL_CONVERSION = YES;
				CLANG_WARN_OBJC_ROOT_CLASS = YES_ERROR;
				CLANG_WARN_QUOTED_INCLUDE_IN_FRAMEWORK_HEADER = YES;
				CLANG_WARN_RANGE_LOOP_ANALYSIS = YES;
				CLANG_WARN_STRICT_PROTOTYPES = YES;
				CLANG_WARN_SUSPICIOUS_MOVE = YES;
				CLANG_WARN_UNGUARDED_AVAILABILITY = YES_AGGRESSIVE;
				CLANG_WARN_UNREACHABLE_CODE = YES;
				CLANG_WARN__DUPLICATE_METHOD_MATCH = YES;
				COPY_PHASE_STRIP = NO;
				CURRENT_PROJECT_VERSION = 1;
				DEBUG_INFORMATION_FORMAT = dwarf;
				ENABLE_STRICT_OBJC_MSGSEND = YES;
				ENABLE_TESTABILITY = YES;
				ENABLE_USER_SCRIPT_SANDBOXING = YES;
				GCC_C_LANGUAGE_STANDARD = gnu17;
				GCC_DYNAMIC_NO_PIC = NO;
				GCC_NO_COMMON_BLOCKS = YES;
				GCC_OPTIMIZATION_LEVEL = 0;
				GCC_PREPROCESSOR_DEFINITIONS = (
					"DEBUG=1",
					"$(inherited)",
				);
				GCC_WARN_64_TO_32_BIT_CONVERSION = YES;
				GCC_WARN_ABOUT_RETURN_TYPE = YES_ERROR;
				GCC_WARN_UNDECLARED_SELECTOR = YES;
				GCC_WARN_UNINITIALIZED_AUTOS = YES_AGGRESSIVE;
				GCC_WARN_UNUSED_FUNCTION = YES;
				GCC_WARN_UNUSED_VARIABLE = YES;
				IPHONEOS_DEPLOYMENT_TARGET = 17.4;
				LOCALIZATION_PREFERS_STRING_CATALOGS = YES;
				MTL_ENABLE_DEBUG_INFO = INCLUDE_SOURCE;
				MTL_FAST_MATH = YES;
				ONLY_ACTIVE_ARCH = YES;
				SDKROOT = iphoneos;
				SWIFT_ACTIVE_COMPILATION_CONDITIONS = "DEBUG $(inherited)";
				SWIFT_OPTIMIZATION_LEVEL = "-Onone";
				VERSIONING_SYSTEM = "apple-generic";
				VERSION_INFO_PREFIX = "";
			};
			name = Debug;
		};
		2817F0082D0B5C87001088EF /* Release */ = {
			isa = XCBuildConfiguration;
			buildSettings = {
				ALWAYS_SEARCH_USER_PATHS = NO;
				ASSETCATALOG_COMPILER_GENERATE_SWIFT_ASSET_SYMBOL_EXTENSIONS = YES;
				CLANG_ANALYZER_NONNULL = YES;
				CLANG_ANALYZER_NUMBER_OBJECT_CONVERSION = YES_AGGRESSIVE;
				CLANG_CXX_LANGUAGE_STANDARD = "gnu++20";
				CLANG_ENABLE_MODULES = YES;
				CLANG_ENABLE_OBJC_ARC = YES;
				CLANG_ENABLE_OBJC_WEAK = YES;
				CLANG_WARN_BLOCK_CAPTURE_AUTORELEASING = YES;
				CLANG_WARN_BOOL_CONVERSION = YES;
				CLANG_WARN_COMMA = YES;
				CLANG_WARN_CONSTANT_CONVERSION = YES;
				CLANG_WARN_DEPRECATED_OBJC_IMPLEMENTATIONS = YES;
				CLANG_WARN_DIRECT_OBJC_ISA_USAGE = YES_ERROR;
				CLANG_WARN_DOCUMENTATION_COMMENTS = YES;
				CLANG_WARN_EMPTY_BODY = YES;
				CLANG_WARN_ENUM_CONVERSION = YES;
				CLANG_WARN_INFINITE_RECURSION = YES;
				CLANG_WARN_INT_CONVERSION = YES;
				CLANG_WARN_NON_LITERAL_NULL_CONVERSION = YES;
				CLANG_WARN_OBJC_IMPLICIT_RETAIN_SELF = YES;
				CLANG_WARN_OBJC_LITERAL_CONVERSION = YES;
				CLANG_WARN_OBJC_ROOT_CLASS = YES_ERROR;
				CLANG_WARN_QUOTED_INCLUDE_IN_FRAMEWORK_HEADER = YES;
				CLANG_WARN_RANGE_LOOP_ANALYSIS = YES;
				CLANG_WARN_STRICT_PROTOTYPES = YES;
				CLANG_WARN_SUSPICIOUS_MOVE = YES;
				CLANG_WARN_UNGUARDED_AVAILABILITY = YES_AGGRESSIVE;
				CLANG_WARN_UNREACHABLE_CODE = YES;
				CLANG_WARN__DUPLICATE_METHOD_MATCH = YES;
				COPY_PHASE_STRIP = NO;
				CURRENT_PROJECT_VERSION = 1;
				DEBUG_INFORMATION_FORMAT = "dwarf-with-dsym";
				ENABLE_NS_ASSERTIONS = NO;
				ENABLE_STRICT_OBJC_MSGSEND = YES;
				ENABLE_USER_SCRIPT_SANDBOXING = YES;
				GCC_C_LANGUAGE_STANDARD = gnu17;
				GCC_NO_COMMON_BLOCKS = YES;
				GCC_WARN_64_TO_32_BIT_CONVERSION = YES;
				GCC_WARN_ABOUT_RETURN_TYPE = YES_ERROR;
				GCC_WARN_UNDECLARED_SELECTOR = YES;
				GCC_WARN_UNINITIALIZED_AUTOS = YES_AGGRESSIVE;
				GCC_WARN_UNUSED_FUNCTION = YES;
				GCC_WARN_UNUSED_VARIABLE = YES;
				IPHONEOS_DEPLOYMENT_TARGET = 17.4;
				LOCALIZATION_PREFERS_STRING_CATALOGS = YES;
				MTL_ENABLE_DEBUG_INFO = NO;
				MTL_FAST_MATH = YES;
				SDKROOT = iphoneos;
				SWIFT_COMPILATION_MODE = wholemodule;
				VALIDATE_PRODUCT = YES;
				VERSIONING_SYSTEM = "apple-generic";
				VERSION_INFO_PREFIX = "";
			};
			name = Release;
		};
		2817F00A2D0B5C87001088EF /* Debug */ = {
			isa = XCBuildConfiguration;
			buildSettings = {
				BUILD_LIBRARY_FOR_DISTRIBUTION = YES;
				CODE_SIGN_STYLE = Automatic;
				CURRENT_PROJECT_VERSION = 1;
				DEFINES_MODULE = YES;
				DEVELOPMENT_TEAM = 48AJ596T66;
				DYLIB_COMPATIBILITY_VERSION = 1;
				DYLIB_CURRENT_VERSION = 1;
				DYLIB_INSTALL_NAME_BASE = "@rpath";
				ENABLE_MODULE_VERIFIER = YES;
				GENERATE_INFOPLIST_FILE = YES;
				INFOPLIST_KEY_NSHumanReadableCopyright = "";
				INSTALL_PATH = "$(LOCAL_LIBRARY_DIR)/Frameworks";
				LD_RUNPATH_SEARCH_PATHS = (
					"$(inherited)",
					"@executable_path/Frameworks",
					"@loader_path/Frameworks",
				);
				MARKETING_VERSION = 1.0;
				MODULE_VERIFIER_SUPPORTED_LANGUAGES = "objective-c objective-c++";
				MODULE_VERIFIER_SUPPORTED_LANGUAGE_STANDARDS = "gnu17 gnu++20";
				PRODUCT_BUNDLE_IDENTIFIER = com.maja.TaskPayair;
				PRODUCT_NAME = "$(TARGET_NAME:c99extidentifier)";
				SKIP_INSTALL = YES;
				SUPPORTED_PLATFORMS = "iphoneos iphonesimulator";
				SUPPORTS_MACCATALYST = NO;
				SUPPORTS_MAC_DESIGNED_FOR_IPHONE_IPAD = NO;
				SUPPORTS_XR_DESIGNED_FOR_IPHONE_IPAD = NO;
				SWIFT_EMIT_LOC_STRINGS = YES;
				SWIFT_INSTALL_OBJC_HEADER = NO;
				SWIFT_VERSION = 5.0;
				TARGETED_DEVICE_FAMILY = "1,2";
			};
			name = Debug;
		};
		2817F00B2D0B5C87001088EF /* Release */ = {
			isa = XCBuildConfiguration;
			buildSettings = {
				BUILD_LIBRARY_FOR_DISTRIBUTION = YES;
				CODE_SIGN_STYLE = Automatic;
				CURRENT_PROJECT_VERSION = 1;
				DEFINES_MODULE = YES;
				DEVELOPMENT_TEAM = 48AJ596T66;
				DYLIB_COMPATIBILITY_VERSION = 1;
				DYLIB_CURRENT_VERSION = 1;
				DYLIB_INSTALL_NAME_BASE = "@rpath";
				ENABLE_MODULE_VERIFIER = YES;
				GENERATE_INFOPLIST_FILE = YES;
				INFOPLIST_KEY_NSHumanReadableCopyright = "";
				INSTALL_PATH = "$(LOCAL_LIBRARY_DIR)/Frameworks";
				LD_RUNPATH_SEARCH_PATHS = (
					"$(inherited)",
					"@executable_path/Frameworks",
					"@loader_path/Frameworks",
				);
				MARKETING_VERSION = 1.0;
				MODULE_VERIFIER_SUPPORTED_LANGUAGES = "objective-c objective-c++";
				MODULE_VERIFIER_SUPPORTED_LANGUAGE_STANDARDS = "gnu17 gnu++20";
				PRODUCT_BUNDLE_IDENTIFIER = com.maja.TaskPayair;
				PRODUCT_NAME = "$(TARGET_NAME:c99extidentifier)";
				SKIP_INSTALL = YES;
				SUPPORTED_PLATFORMS = "iphoneos iphonesimulator";
				SUPPORTS_MACCATALYST = NO;
				SUPPORTS_MAC_DESIGNED_FOR_IPHONE_IPAD = NO;
				SUPPORTS_XR_DESIGNED_FOR_IPHONE_IPAD = NO;
				SWIFT_EMIT_LOC_STRINGS = YES;
				SWIFT_INSTALL_OBJC_HEADER = NO;
				SWIFT_VERSION = 5.0;
				TARGETED_DEVICE_FAMILY = "1,2";
			};
			name = Release;
		};
		2817F00D2D0B5C87001088EF /* Debug */ = {
			isa = XCBuildConfiguration;
			buildSettings = {
				ALWAYS_EMBED_SWIFT_STANDARD_LIBRARIES = YES;
				CODE_SIGN_STYLE = Automatic;
				CURRENT_PROJECT_VERSION = 1;
				DEVELOPMENT_TEAM = 48AJ596T66;
				GENERATE_INFOPLIST_FILE = YES;
				MARKETING_VERSION = 1.0;
				PRODUCT_BUNDLE_IDENTIFIER = com.maja.TaskPayairTests;
				PRODUCT_NAME = "$(TARGET_NAME)";
				SUPPORTED_PLATFORMS = "iphoneos iphonesimulator";
				SUPPORTS_MACCATALYST = NO;
				SUPPORTS_MAC_DESIGNED_FOR_IPHONE_IPAD = NO;
				SUPPORTS_XR_DESIGNED_FOR_IPHONE_IPAD = NO;
				SWIFT_EMIT_LOC_STRINGS = NO;
				SWIFT_VERSION = 5.0;
				TARGETED_DEVICE_FAMILY = "1,2";
			};
			name = Debug;
		};
		2817F00E2D0B5C87001088EF /* Release */ = {
			isa = XCBuildConfiguration;
			buildSettings = {
				ALWAYS_EMBED_SWIFT_STANDARD_LIBRARIES = YES;
				CODE_SIGN_STYLE = Automatic;
				CURRENT_PROJECT_VERSION = 1;
				DEVELOPMENT_TEAM = 48AJ596T66;
				GENERATE_INFOPLIST_FILE = YES;
				MARKETING_VERSION = 1.0;
				PRODUCT_BUNDLE_IDENTIFIER = com.maja.TaskPayairTests;
				PRODUCT_NAME = "$(TARGET_NAME)";
				SUPPORTED_PLATFORMS = "iphoneos iphonesimulator";
				SUPPORTS_MACCATALYST = NO;
				SUPPORTS_MAC_DESIGNED_FOR_IPHONE_IPAD = NO;
				SUPPORTS_XR_DESIGNED_FOR_IPHONE_IPAD = NO;
				SWIFT_EMIT_LOC_STRINGS = NO;
				SWIFT_VERSION = 5.0;
				TARGETED_DEVICE_FAMILY = "1,2";
			};
			name = Release;
		};
/* End XCBuildConfiguration section */

/* Begin XCConfigurationList section */
		2817EFEF2D0B5C87001088EF /* Build configuration list for PBXProject "TaskPayair" */ = {
			isa = XCConfigurationList;
			buildConfigurations = (
				2817F0072D0B5C87001088EF /* Debug */,
				2817F0082D0B5C87001088EF /* Release */,
			);
			defaultConfigurationIsVisible = 0;
			defaultConfigurationName = Release;
		};
		2817F0092D0B5C87001088EF /* Build configuration list for PBXNativeTarget "TaskPayair" */ = {
			isa = XCConfigurationList;
			buildConfigurations = (
				2817F00A2D0B5C87001088EF /* Debug */,
				2817F00B2D0B5C87001088EF /* Release */,
			);
			defaultConfigurationIsVisible = 0;
			defaultConfigurationName = Release;
		};
		2817F00C2D0B5C87001088EF /* Build configuration list for PBXNativeTarget "TaskPayairTests" */ = {
			isa = XCConfigurationList;
			buildConfigurations = (
				2817F00D2D0B5C87001088EF /* Debug */,
				2817F00E2D0B5C87001088EF /* Release */,
			);
			defaultConfigurationIsVisible = 0;
			defaultConfigurationName = Release;
		};
/* End XCConfigurationList section */
	};
	rootObject = 2817EFEC2D0B5C87001088EF /* Project object */;
}
